github.com/golang/glog v0.0.0-20160126235308-23def4e6c14b h1:VKtxabqXZkF25pY9ekfRL6a582T4P37/31XEstQ5p58=
github.com/golang/glog v0.0.0-20160126235308-23def4e6c14b/go.mod h1:SBH7ygxi8pfUlaOkMMuAQtPIUF8ecWP5IEl/CR7VP2Q=
golang.org/x/exp v0.0.0-20190125153040-c74c464bbbf2 h1:y102fOLFqhV41b+4GPiJoa0k/x+pJcEi2/HB1Y5T6fU=
golang.org/x/exp v0.0.0-20190125153040-c74c464bbbf2/go.mod h1:CJ0aWSM057203Lf6IL+f9T1iT9GByDxfZKAQTCR3kQA=
golang.org/x/tools v0.0.0-20190206041539-40960b6deb8e/go.mod h1:n7NCudcB/nEzxVGmLbDWY5pfWTLqBcC2KZ6jyYvM4mQ=
gonum.org/v1/gonum v0.0.0-20190214002023-66532af93a71 h1:cxmhs5PBtzWhu/2oOpH61/i+uQVO8/4xytnyVxo1Iac=
gonum.org/v1/gonum v0.0.0-20190214002023-66532af93a71/go.mod h1:jevfED4GnIEnJrWW55YmY9DMhajHcnkqVnEXmEtMyNI=
gonum.org/v1/netlib v0.0.0-20190119082159-9be13e02fd56 h1:sWo7pRubEwovyVnbgs3VJpe4ppUGSLbu/zNPyCBXtHE=
gonum.org/v1/netlib v0.0.0-20190119082159-9be13e02fd56/go.mod h1:wa6Ws7BG/ESfp6dHfk7C6KdzKA7wR7u/rKwOGE66zvw=
